// !$*UTF8*$!
{
	archiveVersion = 1;
	classes = {
	};
	objectVersion = 48;
	objects = {

/* Begin PBXBuildFile section */
		7228D54521B0D97A00383A1E /* Tests.swift in Sources */ = {isa = PBXBuildFile; fileRef = 7228D54421B0D97900383A1E /* Tests.swift */; };
		7260B9372069F1C600D98D8B /* AppDelegate.swift in Sources */ = {isa = PBXBuildFile; fileRef = 7260B9362069F1C600D98D8B /* AppDelegate.swift */; };
		7260B9392069F1C600D98D8B /* ViewController.swift in Sources */ = {isa = PBXBuildFile; fileRef = 7260B9382069F1C600D98D8B /* ViewController.swift */; };
		7260B93C2069F1C600D98D8B /* Main.storyboard in Resources */ = {isa = PBXBuildFile; fileRef = 7260B93A2069F1C600D98D8B /* Main.storyboard */; };
		7260B93E2069F1C600D98D8B /* Assets.xcassets in Resources */ = {isa = PBXBuildFile; fileRef = 7260B93D2069F1C600D98D8B /* Assets.xcassets */; };
		7260B9412069F1C600D98D8B /* LaunchScreen.storyboard in Resources */ = {isa = PBXBuildFile; fileRef = 7260B93F2069F1C600D98D8B /* LaunchScreen.storyboard */; };
		7260B94B2069F39600D98D8B /* PassModel.swift in Sources */ = {isa = PBXBuildFile; fileRef = 7260B94A2069F39600D98D8B /* PassModel.swift */; };
		727D6653238A336B00C9E680 /* PassViewController.swift in Sources */ = {isa = PBXBuildFile; fileRef = 727D6652238A336B00C9E680 /* PassViewController.swift */; };
		727D6656238B9A8E00C9E680 /* AccessGranted.wav in Resources */ = {isa = PBXBuildFile; fileRef = 727D6654238B9A8E00C9E680 /* AccessGranted.wav */; };
		727D6657238B9A8E00C9E680 /* AccessDenied.wav in Resources */ = {isa = PBXBuildFile; fileRef = 727D6655238B9A8E00C9E680 /* AccessDenied.wav */; };
		7299F32920F5A0F900899DC4 /* ReaderModel.swift in Sources */ = {isa = PBXBuildFile; fileRef = 7299F32820F5A0F900899DC4 /* ReaderModel.swift */; };
/* End PBXBuildFile section */

/* Begin PBXFileReference section */
		7228D54421B0D97900383A1E /* Tests.swift */ = {isa = PBXFileReference; lastKnownFileType = sourcecode.swift; path = Tests.swift; sourceTree = "<group>"; };
		7260B9332069F1C600D98D8B /* Pass-Generator.app */ = {isa = PBXFileReference; explicitFileType = wrapper.application; includeInIndex = 0; path = "Pass-Generator.app"; sourceTree = BUILT_PRODUCTS_DIR; };
		7260B9362069F1C600D98D8B /* AppDelegate.swift */ = {isa = PBXFileReference; lastKnownFileType = sourcecode.swift; path = AppDelegate.swift; sourceTree = "<group>"; };
		7260B9382069F1C600D98D8B /* ViewController.swift */ = {isa = PBXFileReference; lastKnownFileType = sourcecode.swift; path = ViewController.swift; sourceTree = "<group>"; };
		7260B93B2069F1C600D98D8B /* Base */ = {isa = PBXFileReference; lastKnownFileType = file.storyboard; name = Base; path = Base.lproj/Main.storyboard; sourceTree = "<group>"; };
		7260B93D2069F1C600D98D8B /* Assets.xcassets */ = {isa = PBXFileReference; lastKnownFileType = folder.assetcatalog; path = Assets.xcassets; sourceTree = "<group>"; };
		7260B9402069F1C600D98D8B /* Base */ = {isa = PBXFileReference; lastKnownFileType = file.storyboard; name = Base; path = Base.lproj/LaunchScreen.storyboard; sourceTree = "<group>"; };
		7260B9422069F1C600D98D8B /* Info.plist */ = {isa = PBXFileReference; lastKnownFileType = text.plist.xml; path = Info.plist; sourceTree = "<group>"; };
		7260B94A2069F39600D98D8B /* PassModel.swift */ = {isa = PBXFileReference; lastKnownFileType = sourcecode.swift; path = PassModel.swift; sourceTree = "<group>"; };
		727D6652238A336B00C9E680 /* PassViewController.swift */ = {isa = PBXFileReference; lastKnownFileType = sourcecode.swift; path = PassViewController.swift; sourceTree = "<group>"; };
		727D6654238B9A8E00C9E680 /* AccessGranted.wav */ = {isa = PBXFileReference; lastKnownFileType = audio.wav; path = AccessGranted.wav; sourceTree = "<group>"; };
		727D6655238B9A8E00C9E680 /* AccessDenied.wav */ = {isa = PBXFileReference; lastKnownFileType = audio.wav; path = AccessDenied.wav; sourceTree = "<group>"; };
		7299F32820F5A0F900899DC4 /* ReaderModel.swift */ = {isa = PBXFileReference; lastKnownFileType = sourcecode.swift; path = ReaderModel.swift; sourceTree = "<group>"; };
/* End PBXFileReference section */

/* Begin PBXFrameworksBuildPhase section */
		7260B9302069F1C600D98D8B /* Frameworks */ = {
			isa = PBXFrameworksBuildPhase;
			buildActionMask = 2147483647;
			files = (
			);
			runOnlyForDeploymentPostprocessing = 0;
		};
/* End PBXFrameworksBuildPhase section */

/* Begin PBXGroup section */
		7260B92A2069F1C600D98D8B = {
			isa = PBXGroup;
			children = (
				7260B9352069F1C600D98D8B /* Pass-Generator */,
				7260B9342069F1C600D98D8B /* Products */,
			);
			sourceTree = "<group>";
		};
		7260B9342069F1C600D98D8B /* Products */ = {
			isa = PBXGroup;
			children = (
				7260B9332069F1C600D98D8B /* Pass-Generator.app */,
			);
			name = Products;
			sourceTree = "<group>";
		};
		7260B9352069F1C600D98D8B /* Pass-Generator */ = {
			isa = PBXGroup;
			children = (
				7260B9362069F1C600D98D8B /* AppDelegate.swift */,
				7260B94A2069F39600D98D8B /* PassModel.swift */,
				7260B9382069F1C600D98D8B /* ViewController.swift */,
				7260B93A2069F1C600D98D8B /* Main.storyboard */,
				727D6652238A336B00C9E680 /* PassViewController.swift */,
				7260B93D2069F1C600D98D8B /* Assets.xcassets */,
				7260B93F2069F1C600D98D8B /* LaunchScreen.storyboard */,
				7260B9422069F1C600D98D8B /* Info.plist */,
				7299F32820F5A0F900899DC4 /* ReaderModel.swift */,
				7228D54421B0D97900383A1E /* Tests.swift */,
				727D6655238B9A8E00C9E680 /* AccessDenied.wav */,
				727D6654238B9A8E00C9E680 /* AccessGranted.wav */,
			);
			path = "Pass-Generator";
			sourceTree = "<group>";
		};
/* End PBXGroup section */

/* Begin PBXNativeTarget section */
		7260B9322069F1C600D98D8B /* Pass-Generator */ = {
			isa = PBXNativeTarget;
			buildConfigurationList = 7260B9452069F1C600D98D8B /* Build configuration list for PBXNativeTarget "Pass-Generator" */;
			buildPhases = (
				7260B92F2069F1C600D98D8B /* Sources */,
				7260B9302069F1C600D98D8B /* Frameworks */,
				7260B9312069F1C600D98D8B /* Resources */,
			);
			buildRules = (
			);
			dependencies = (
			);
			name = "Pass-Generator";
			productName = "Pass-Generator";
			productReference = 7260B9332069F1C600D98D8B /* Pass-Generator.app */;
			productType = "com.apple.product-type.application";
		};
/* End PBXNativeTarget section */

/* Begin PBXProject section */
		7260B92B2069F1C600D98D8B /* Project object */ = {
			isa = PBXProject;
			attributes = {
				LastSwiftUpdateCheck = 0920;
				LastUpgradeCheck = 0920;
				ORGANIZATIONNAME = Nostalgiabox;
				TargetAttributes = {
					7260B9322069F1C600D98D8B = {
						CreatedOnToolsVersion = 9.2;
						ProvisioningStyle = Automatic;
					};
				};
			};
			buildConfigurationList = 7260B92E2069F1C600D98D8B /* Build configuration list for PBXProject "Pass-Generator" */;
			compatibilityVersion = "Xcode 8.0";
			developmentRegion = en;
			hasScannedForEncodings = 0;
			knownRegions = (
				en,
				Base,
			);
			mainGroup = 7260B92A2069F1C600D98D8B;
			productRefGroup = 7260B9342069F1C600D98D8B /* Products */;
			projectDirPath = "";
			projectRoot = "";
			targets = (
				7260B9322069F1C600D98D8B /* Pass-Generator */,
			);
		};
/* End PBXProject section */

/* Begin PBXResourcesBuildPhase section */
		7260B9312069F1C600D98D8B /* Resources */ = {
			isa = PBXResourcesBuildPhase;
			buildActionMask = 2147483647;
			files = (
				727D6656238B9A8E00C9E680 /* AccessGranted.wav in Resources */,
				7260B9412069F1C600D98D8B /* LaunchScreen.storyboard in Resources */,
				7260B93E2069F1C600D98D8B /* Assets.xcassets in Resources */,
				727D6657238B9A8E00C9E680 /* AccessDenied.wav in Resources */,
				7260B93C2069F1C600D98D8B /* Main.storyboard in Resources */,
			);
			runOnlyForDeploymentPostprocessing = 0;
		};
/* End PBXResourcesBuildPhase section */

/* Begin PBXSourcesBuildPhase section */
		7260B92F2069F1C600D98D8B /* Sources */ = {
			isa = PBXSourcesBuildPhase;
			buildActionMask = 2147483647;
			files = (
				7228D54521B0D97A00383A1E /* Tests.swift in Sources */,
				7299F32920F5A0F900899DC4 /* ReaderModel.swift in Sources */,
				7260B9392069F1C600D98D8B /* ViewController.swift in Sources */,
				727D6653238A336B00C9E680 /* PassViewController.swift in Sources */,
				7260B9372069F1C600D98D8B /* AppDelegate.swift in Sources */,
				7260B94B2069F39600D98D8B /* PassModel.swift in Sources */,
			);
			runOnlyForDeploymentPostprocessing = 0;
		};
/* End PBXSourcesBuildPhase section */

/* Begin PBXVariantGroup section */
		7260B93A2069F1C600D98D8B /* Main.storyboard */ = {
			isa = PBXVariantGroup;
			children = (
				7260B93B2069F1C600D98D8B /* Base */,
			);
			name = Main.storyboard;
			sourceTree = "<group>";
		};
		7260B93F2069F1C600D98D8B /* LaunchScreen.storyboard */ = {
			isa = PBXVariantGroup;
			children = (
				7260B9402069F1C600D98D8B /* Base */,
			);
			name = LaunchScreen.storyboard;
			sourceTree = "<group>";
		};
/* End PBXVariantGroup section */

/* Begin XCBuildConfiguration section */
		7260B9432069F1C600D98D8B /* Debug */ = {
			isa = XCBuildConfiguration;
			buildSettings = {
				ALWAYS_SEARCH_USER_PATHS = NO;
				CLANG_ANALYZER_NONNULL = YES;
				CLANG_ANALYZER_NUMBER_OBJECT_CONVERSION = YES_AGGRESSIVE;
				CLANG_CXX_LANGUAGE_STANDARD = "gnu++14";
				CLANG_CXX_LIBRARY = "libc++";
				CLANG_ENABLE_MODULES = YES;
				CLANG_ENABLE_OBJC_ARC = YES;
				CLANG_WARN_BLOCK_CAPTURE_AUTORELEASING = YES;
				CLANG_WARN_BOOL_CONVERSION = YES;
				CLANG_WARN_COMMA = YES;
				CLANG_WARN_CONSTANT_CONVERSION = YES;
				CLANG_WARN_DIRECT_OBJC_ISA_USAGE = YES_ERROR;
				CLANG_WARN_DOCUMENTATION_COMMENTS = YES;
				CLANG_WARN_EMPTY_BODY = YES;
				CLANG_WARN_ENUM_CONVERSION = YES;
				CLANG_WARN_INFINITE_RECURSION = YES;
				CLANG_WARN_INT_CONVERSION = YES;
				CLANG_WARN_NON_LITERAL_NULL_CONVERSION = YES;
				CLANG_WARN_OBJC_LITERAL_CONVERSION = YES;
				CLANG_WARN_OBJC_ROOT_CLASS = YES_ERROR;
				CLANG_WARN_RANGE_LOOP_ANALYSIS = YES;
				CLANG_WARN_STRICT_PROTOTYPES = YES;
				CLANG_WARN_SUSPICIOUS_MOVE = YES;
				CLANG_WARN_UNGUARDED_AVAILABILITY = YES_AGGRESSIVE;
				CLANG_WARN_UNREACHABLE_CODE = YES;
				CLANG_WARN__DUPLICATE_METHOD_MATCH = YES;
				CODE_SIGN_IDENTITY = "iPhone Developer";
				COPY_PHASE_STRIP = NO;
				DEBUG_INFORMATION_FORMAT = dwarf;
				ENABLE_STRICT_OBJC_MSGSEND = YES;
				ENABLE_TESTABILITY = YES;
				GCC_C_LANGUAGE_STANDARD = gnu11;
				GCC_DYNAMIC_NO_PIC = NO;
				GCC_NO_COMMON_BLOCKS = YES;
				GCC_OPTIMIZATION_LEVEL = 0;
				GCC_PREPROCESSOR_DEFINITIONS = (
					"DEBUG=1",
					"$(inherited)",
				);
				GCC_WARN_64_TO_32_BIT_CONVERSION = YES;
				GCC_WARN_ABOUT_RETURN_TYPE = YES_ERROR;
				GCC_WARN_UNDECLARED_SELECTOR = YES;
				GCC_WARN_UNINITIALIZED_AUTOS = YES_AGGRESSIVE;
				GCC_WARN_UNUSED_FUNCTION = YES;
				GCC_WARN_UNUSED_VARIABLE = YES;
				IPHONEOS_DEPLOYMENT_TARGET = 11.2;
				MTL_ENABLE_DEBUG_INFO = YES;
				ONLY_ACTIVE_ARCH = YES;
				SDKROOT = iphoneos;
				SWIFT_ACTIVE_COMPILATION_CONDITIONS = DEBUG;
				SWIFT_OPTIMIZATION_LEVEL = "-Onone";
			};
			name = Debug;
		};
		7260B9442069F1C600D98D8B /* Release */ = {
			isa = XCBuildConfiguration;
			buildSettings = {
				ALWAYS_SEARCH_USER_PATHS = NO;
				CLANG_ANALYZER_NONNULL = YES;
				CLANG_ANALYZER_NUMBER_OBJECT_CONVERSION = YES_AGGRESSIVE;
				CLANG_CXX_LANGUAGE_STANDARD = "gnu++14";
				CLANG_CXX_LIBRARY = "libc++";
				CLANG_ENABLE_MODULES = YES;
				CLANG_ENABLE_OBJC_ARC = YES;
				CLANG_WARN_BLOCK_CAPTURE_AUTORELEASING = YES;
				CLANG_WARN_BOOL_CONVERSION = YES;
				CLANG_WARN_COMMA = YES;
				CLANG_WARN_CONSTANT_CONVERSION = YES;
				CLANG_WARN_DIRECT_OBJC_ISA_USAGE = YES_ERROR;
				CLANG_WARN_DOCUMENTATION_COMMENTS = YES;
				CLANG_WARN_EMPTY_BODY = YES;
				CLANG_WARN_ENUM_CONVERSION = YES;
				CLANG_WARN_INFINITE_RECURSION = YES;
				CLANG_WARN_INT_CONVERSION = YES;
				CLANG_WARN_NON_LITERAL_NULL_CONVERSION = YES;
				CLANG_WARN_OBJC_LITERAL_CONVERSION = YES;
				CLANG_WARN_OBJC_ROOT_CLASS = YES_ERROR;
				CLANG_WARN_RANGE_LOOP_ANALYSIS = YES;
				CLANG_WARN_STRICT_PROTOTYPES = YES;
				CLANG_WARN_SUSPICIOUS_MOVE = YES;
				CLANG_WARN_UNGUARDED_AVAILABILITY = YES_AGGRESSIVE;
				CLANG_WARN_UNREACHABLE_CODE = YES;
				CLANG_WARN__DUPLICATE_METHOD_MATCH = YES;
				CODE_SIGN_IDENTITY = "iPhone Developer";
				COPY_PHASE_STRIP = NO;
				DEBUG_INFORMATION_FORMAT = "dwarf-with-dsym";
				ENABLE_NS_ASSERTIONS = NO;
				ENABLE_STRICT_OBJC_MSGSEND = YES;
				GCC_C_LANGUAGE_STANDARD = gnu11;
				GCC_NO_COMMON_BLOCKS = YES;
				GCC_WARN_64_TO_32_BIT_CONVERSION = YES;
				GCC_WARN_ABOUT_RETURN_TYPE = YES_ERROR;
				GCC_WARN_UNDECLARED_SELECTOR = YES;
				GCC_WARN_UNINITIALIZED_AUTOS = YES_AGGRESSIVE;
				GCC_WARN_UNUSED_FUNCTION = YES;
				GCC_WARN_UNUSED_VARIABLE = YES;
				IPHONEOS_DEPLOYMENT_TARGET = 11.2;
				MTL_ENABLE_DEBUG_INFO = NO;
				SDKROOT = iphoneos;
				SWIFT_OPTIMIZATION_LEVEL = "-Owholemodule";
				VALIDATE_PRODUCT = YES;
			};
			name = Release;
		};
		7260B9462069F1C600D98D8B /* Debug */ = {
			isa = XCBuildConfiguration;
			buildSettings = {
				ASSETCATALOG_COMPILER_APPICON_NAME = AppIcon;
				CODE_SIGN_STYLE = Automatic;
				DEVELOPMENT_TEAM = 8LCGBCGM67;
				INFOPLIST_FILE = "Pass-Generator/Info.plist";
				LD_RUNPATH_SEARCH_PATHS = "$(inherited) @executable_path/Frameworks";
				PRODUCT_BUNDLE_IDENTIFIER = "com.NostalgiaBox.Pass-Generator";
				PRODUCT_NAME = "$(TARGET_NAME)";
				SWIFT_VERSION = 4.0;
				TARGETED_DEVICE_FAMILY = "1,2";
			};
			name = Debug;
		};
		7260B9472069F1C600D98D8B /* Release */ = {
			isa = XCBuildConfiguration;
			buildSettings = {
				ASSETCATALOG_COMPILER_APPICON_NAME = AppIcon;
				CODE_SIGN_STYLE = Automatic;
				DEVELOPMENT_TEAM = 8LCGBCGM67;
				INFOPLIST_FILE = "Pass-Generator/Info.plist";
				LD_RUNPATH_SEARCH_PATHS = "$(inherited) @executable_path/Frameworks";
				PRODUCT_BUNDLE_IDENTIFIER = "com.NostalgiaBox.Pass-Generator";
				PRODUCT_NAME = "$(TARGET_NAME)";
				SWIFT_VERSION = 4.0;
				TARGETED_DEVICE_FAMILY = "1,2";
			};
			name = Release;
		};
/* End XCBuildConfiguration section */

/* Begin XCConfigurationList section */
		7260B92E2069F1C600D98D8B /* Build configuration list for PBXProject "Pass-Generator" */ = {
			isa = XCConfigurationList;
			buildConfigurations = (
				7260B9432069F1C600D98D8B /* Debug */,
				7260B9442069F1C600D98D8B /* Release */,
			);
			defaultConfigurationIsVisible = 0;
			defaultConfigurationName = Release;
		};
		7260B9452069F1C600D98D8B /* Build configuration list for PBXNativeTarget "Pass-Generator" */ = {
			isa = XCConfigurationList;
			buildConfigurations = (
				7260B9462069F1C600D98D8B /* Debug */,
				7260B9472069F1C600D98D8B /* Release */,
			);
			defaultConfigurationIsVisible = 0;
			defaultConfigurationName = Release;
		};
/* End XCConfigurationList section */
	};
	rootObject = 7260B92B2069F1C600D98D8B /* Project object */;
}
